
Microsoft Visual Studio Solution File, Format Version 12.00
# Visual Studio 15
VisualStudioVersion = 15.0.27004.2010
MinimumVisualStudioVersion = 10.0.40219.1
Project("{2150E333-8FDC-42A3-9474-1A3956D46DE8}") = "Solution Items", "Solution Items", "{B7B1C486-1E21-4F6C-8710-4A8E09965A9B}"
	ProjectSection(SolutionItems) = preProject
		Scripts\PostBuild.ps1 = Scripts\PostBuild.ps1
		readme.md = readme.md
	EndProjectSection
EndProject
Project("{FAE04EC0-301F-11D3-BF4B-00C04F79EFBC}") = "PinchPerfect.InfrastructureAsCode.Core", "InfrastructureAsCode.Core\PinchPerfect.InfrastructureAsCode.Core.csproj", "{EA0D6CF4-74A7-4E3C-9BCD-F25B60C7716F}"
EndProject
Project("{FAE04EC0-301F-11D3-BF4B-00C04F79EFBC}") = "PinchPerfect.InfrastructureAsCode.Powershell", "InfrastructureAsCode.Powershell\PinchPerfect.InfrastructureAsCode.Powershell.csproj", "{20C0FF0D-DEA3-45F8-BC4C-8896C3926265}"
EndProject
Project("{FAE04EC0-301F-11D3-BF4B-00C04F79EFBC}") = "HowToExtend", "HowToExtend\HowToExtend.csproj", "{48F2A3C5-A290-4B6D-A860-8213A9B171F4}"
EndProject
Project("{FAE04EC0-301F-11D3-BF4B-00C04F79EFBC}") = "OfficeDevPnP.Core", "..\..\forked\PnP-Sites-Core\Core\OfficeDevPnP.Core\OfficeDevPnP.Core.csproj", "{F2077977-8EBF-409D-BBF4-8EFB328928A8}"
EndProject
Global
	GlobalSection(SolutionConfigurationPlatforms) = preSolution
		Debug|Any CPU = Debug|Any CPU
		Debug15|Any CPU = Debug15|Any CPU
		Debug16|Any CPU = Debug16|Any CPU
		Release|Any CPU = Release|Any CPU
		Release15|Any CPU = Release15|Any CPU
		Release16|Any CPU = Release16|Any CPU
	EndGlobalSection
	GlobalSection(ProjectConfigurationPlatforms) = postSolution
		{EA0D6CF4-74A7-4E3C-9BCD-F25B60C7716F}.Debug|Any CPU.ActiveCfg = Debug|Any CPU
		{EA0D6CF4-74A7-4E3C-9BCD-F25B60C7716F}.Debug|Any CPU.Build.0 = Debug|Any CPU
		{EA0D6CF4-74A7-4E3C-9BCD-F25B60C7716F}.Debug15|Any CPU.ActiveCfg = Debug|Any CPU
		{EA0D6CF4-74A7-4E3C-9BCD-F25B60C7716F}.Debug15|Any CPU.Build.0 = Debug|Any CPU
		{EA0D6CF4-74A7-4E3C-9BCD-F25B60C7716F}.Debug16|Any CPU.ActiveCfg = Debug|Any CPU
		{EA0D6CF4-74A7-4E3C-9BCD-F25B60C7716F}.Debug16|Any CPU.Build.0 = Debug|Any CPU
		{EA0D6CF4-74A7-4E3C-9BCD-F25B60C7716F}.Release|Any CPU.ActiveCfg = Release|Any CPU
		{EA0D6CF4-74A7-4E3C-9BCD-F25B60C7716F}.Release|Any CPU.Build.0 = Release|Any CPU
		{EA0D6CF4-74A7-4E3C-9BCD-F25B60C7716F}.Release15|Any CPU.ActiveCfg = Release|Any CPU
		{EA0D6CF4-74A7-4E3C-9BCD-F25B60C7716F}.Release15|Any CPU.Build.0 = Release|Any CPU
		{EA0D6CF4-74A7-4E3C-9BCD-F25B60C7716F}.Release16|Any CPU.ActiveCfg = Release|Any CPU
		{EA0D6CF4-74A7-4E3C-9BCD-F25B60C7716F}.Release16|Any CPU.Build.0 = Release|Any CPU
		{20C0FF0D-DEA3-45F8-BC4C-8896C3926265}.Debug|Any CPU.ActiveCfg = Debug|Any CPU
		{20C0FF0D-DEA3-45F8-BC4C-8896C3926265}.Debug|Any CPU.Build.0 = Debug|Any CPU
		{20C0FF0D-DEA3-45F8-BC4C-8896C3926265}.Debug15|Any CPU.ActiveCfg = Debug|Any CPU
		{20C0FF0D-DEA3-45F8-BC4C-8896C3926265}.Debug15|Any CPU.Build.0 = Debug|Any CPU
		{20C0FF0D-DEA3-45F8-BC4C-8896C3926265}.Debug16|Any CPU.ActiveCfg = Debug|Any CPU
		{20C0FF0D-DEA3-45F8-BC4C-8896C3926265}.Debug16|Any CPU.Build.0 = Debug|Any CPU
		{20C0FF0D-DEA3-45F8-BC4C-8896C3926265}.Release|Any CPU.ActiveCfg = Release|Any CPU
		{20C0FF0D-DEA3-45F8-BC4C-8896C3926265}.Release|Any CPU.Build.0 = Release|Any CPU
		{20C0FF0D-DEA3-45F8-BC4C-8896C3926265}.Release15|Any CPU.ActiveCfg = Release|Any CPU
		{20C0FF0D-DEA3-45F8-BC4C-8896C3926265}.Release15|Any CPU.Build.0 = Release|Any CPU
		{20C0FF0D-DEA3-45F8-BC4C-8896C3926265}.Release16|Any CPU.ActiveCfg = Release|Any CPU
		{20C0FF0D-DEA3-45F8-BC4C-8896C3926265}.Release16|Any CPU.Build.0 = Release|Any CPU
		{48F2A3C5-A290-4B6D-A860-8213A9B171F4}.Debug|Any CPU.ActiveCfg = Debug|Any CPU
		{48F2A3C5-A290-4B6D-A860-8213A9B171F4}.Debug|Any CPU.Build.0 = Debug|Any CPU
		{48F2A3C5-A290-4B6D-A860-8213A9B171F4}.Debug15|Any CPU.ActiveCfg = Debug|Any CPU
		{48F2A3C5-A290-4B6D-A860-8213A9B171F4}.Debug15|Any CPU.Build.0 = Debug|Any CPU
		{48F2A3C5-A290-4B6D-A860-8213A9B171F4}.Debug16|Any CPU.ActiveCfg = Debug|Any CPU
		{48F2A3C5-A290-4B6D-A860-8213A9B171F4}.Debug16|Any CPU.Build.0 = Debug|Any CPU
		{48F2A3C5-A290-4B6D-A860-8213A9B171F4}.Release|Any CPU.ActiveCfg = Release|Any CPU
		{48F2A3C5-A290-4B6D-A860-8213A9B171F4}.Release|Any CPU.Build.0 = Release|Any CPU
		{48F2A3C5-A290-4B6D-A860-8213A9B171F4}.Release15|Any CPU.ActiveCfg = Release|Any CPU
		{48F2A3C5-A290-4B6D-A860-8213A9B171F4}.Release15|Any CPU.Build.0 = Release|Any CPU
		{48F2A3C5-A290-4B6D-A860-8213A9B171F4}.Release16|Any CPU.ActiveCfg = Release|Any CPU
		{48F2A3C5-A290-4B6D-A860-8213A9B171F4}.Release16|Any CPU.Build.0 = Release|Any CPU
		{F2077977-8EBF-409D-BBF4-8EFB328928A8}.Debug|Any CPU.ActiveCfg = Debug|Any CPU
		{F2077977-8EBF-409D-BBF4-8EFB328928A8}.Debug|Any CPU.Build.0 = Debug|Any CPU
		{F2077977-8EBF-409D-BBF4-8EFB328928A8}.Debug15|Any CPU.ActiveCfg = Debug15|Any CPU
		{F2077977-8EBF-409D-BBF4-8EFB328928A8}.Debug15|Any CPU.Build.0 = Debug15|Any CPU
		{F2077977-8EBF-409D-BBF4-8EFB328928A8}.Debug16|Any CPU.ActiveCfg = Debug16|Any CPU
		{F2077977-8EBF-409D-BBF4-8EFB328928A8}.Debug16|Any CPU.Build.0 = Debug16|Any CPU
		{F2077977-8EBF-409D-BBF4-8EFB328928A8}.Release|Any CPU.ActiveCfg = Release|Any CPU
		{F2077977-8EBF-409D-BBF4-8EFB328928A8}.Release|Any CPU.Build.0 = Release|Any CPU
		{F2077977-8EBF-409D-BBF4-8EFB328928A8}.Release15|Any CPU.ActiveCfg = Release15|Any CPU
		{F2077977-8EBF-409D-BBF4-8EFB328928A8}.Release15|Any CPU.Build.0 = Release15|Any CPU
		{F2077977-8EBF-409D-BBF4-8EFB328928A8}.Release16|Any CPU.ActiveCfg = Release16|Any CPU
		{F2077977-8EBF-409D-BBF4-8EFB328928A8}.Release16|Any CPU.Build.0 = Release16|Any CPU
	EndGlobalSection
	GlobalSection(SolutionProperties) = preSolution
		HideSolutionNode = FALSE
	EndGlobalSection
	GlobalSection(ExtensibilityGlobals) = postSolution
		SolutionGuid = {73CDC563-B87F-42D0-A2D5-59B91BE8EC33}
	EndGlobalSection
EndGlobal
